
Microsoft Visual Studio Solution File, Format Version 12.00
# Visual Studio Version 16
VisualStudioVersion = 16.0.31019.35
MinimumVisualStudioVersion = 10.0.40219.1
Project("{FAE04EC0-301F-11D3-BF4B-00C04F79EFBC}") = "WPF - hesla - Krof", "WPF - hesla - Krof\WPF - hesla - Krof.csproj", "{174206A9-DBA8-4605-A514-CE74888A831B}"
EndProject
Global
	GlobalSection(SolutionConfigurationPlatforms) = preSolution
		Debug|Any CPU = Debug|Any CPU
		Release|Any CPU = Release|Any CPU
	EndGlobalSection
	GlobalSection(ProjectConfigurationPlatforms) = postSolution
		{174206A9-DBA8-4605-A514-CE74888A831B}.Debug|Any CPU.ActiveCfg = Debug|Any CPU
		{174206A9-DBA8-4605-A514-CE74888A831B}.Debug|Any CPU.Build.0 = Debug|Any CPU
		{174206A9-DBA8-4605-A514-CE74888A831B}.Release|Any CPU.ActiveCfg = Release|Any CPU
		{174206A9-DBA8-4605-A514-CE74888A831B}.Release|Any CPU.Build.0 = Release|Any CPU
	EndGlobalSection
	GlobalSection(SolutionProperties) = preSolution
		HideSolutionNode = FALSE
	EndGlobalSection
	GlobalSection(ExtensibilityGlobals) = postSolution
		SolutionGuid = {E7D587D3-A00B-4025-BC86-DDDE66629E61}
	EndGlobalSection
EndGlobal
